// !$*UTF8*$!
{
	archiveVersion = 1;
	classes = {
	};
	objectVersion = 77;
	objects = {

/* Begin PBXBuildFile section */
		52EA35262D8059B000348897 /* KeychainAccess in Frameworks */ = {isa = PBXBuildFile; productRef = 52EA35252D8059B000348897 /* KeychainAccess */; };
		52EF3B582D78394D00CB290B /* FirebaseAnalytics in Frameworks */ = {isa = PBXBuildFile; productRef = 52EF3B572D78394D00CB290B /* FirebaseAnalytics */; };
		52EF3B5A2D78394D00CB290B /* FirebaseAuth in Frameworks */ = {isa = PBXBuildFile; productRef = 52EF3B592D78394D00CB290B /* FirebaseAuth */; };
		52EF3B5C2D78394D00CB290B /* FirebaseDatabase in Frameworks */ = {isa = PBXBuildFile; productRef = 52EF3B5B2D78394D00CB290B /* FirebaseDatabase */; };
		52EF3B5E2D78394D00CB290B /* FirebaseFirestore in Frameworks */ = {isa = PBXBuildFile; productRef = 52EF3B5D2D78394D00CB290B /* FirebaseFirestore */; };
/* End PBXBuildFile section */

/* Begin PBXContainerItemProxy section */
		5286D7EE2D779718006EAE47 /* PBXContainerItemProxy */ = {
			isa = PBXContainerItemProxy;
			containerPortal = 5286D7D52D779715006EAE47 /* Project object */;
			proxyType = 1;
			remoteGlobalIDString = 5286D7DC2D779715006EAE47;
			remoteInfo = BudgetBuddy;
		};
/* End PBXContainerItemProxy section */

/* Begin PBXFileReference section */
		5286D7DD2D779715006EAE47 /* BudgetBuddy.app */ = {isa = PBXFileReference; explicitFileType = wrapper.application; includeInIndex = 0; path = BudgetBuddy.app; sourceTree = BUILT_PRODUCTS_DIR; };
		5286D7ED2D779718006EAE47 /* BudgetBuddyTests.xctest */ = {isa = PBXFileReference; explicitFileType = wrapper.cfbundle; includeInIndex = 0; path = BudgetBuddyTests.xctest; sourceTree = BUILT_PRODUCTS_DIR; };
/* End PBXFileReference section */

/* Begin PBXFileSystemSynchronizedRootGroup section */
		5286D7DF2D779715006EAE47 /* BudgetBuddy */ = {
			isa = PBXFileSystemSynchronizedRootGroup;
			path = BudgetBuddy;
			sourceTree = "<group>";
		};
		5286D7F02D779719006EAE47 /* BudgetBuddyTests */ = {
			isa = PBXFileSystemSynchronizedRootGroup;
			path = BudgetBuddyTests;
			sourceTree = "<group>";
		};
/* End PBXFileSystemSynchronizedRootGroup section */

/* Begin PBXFrameworksBuildPhase section */
		5286D7DA2D779715006EAE47 /* Frameworks */ = {
			isa = PBXFrameworksBuildPhase;
			buildActionMask = 2147483647;
			files = (
				52EF3B5C2D78394D00CB290B /* FirebaseDatabase in Frameworks */,
				52EF3B5E2D78394D00CB290B /* FirebaseFirestore in Frameworks */,
				52EF3B582D78394D00CB290B /* FirebaseAnalytics in Frameworks */,
				52EF3B5A2D78394D00CB290B /* FirebaseAuth in Frameworks */,
				52EA35262D8059B000348897 /* KeychainAccess in Frameworks */,
			);
			runOnlyForDeploymentPostprocessing = 0;
		};
		5286D7EA2D779718006EAE47 /* Frameworks */ = {
			isa = PBXFrameworksBuildPhase;
			buildActionMask = 2147483647;
			files = (
			);
			runOnlyForDeploymentPostprocessing = 0;
		};
/* End PBXFrameworksBuildPhase section */

/* Begin PBXGroup section */
		5286D7D42D779715006EAE47 = {
			isa = PBXGroup;
			children = (
				5286D7DF2D779715006EAE47 /* BudgetBuddy */,
				5286D7F02D779719006EAE47 /* BudgetBuddyTests */,
				5286D7DE2D779715006EAE47 /* Products */,
			);
			sourceTree = "<group>";
		};
		5286D7DE2D779715006EAE47 /* Products */ = {
			isa = PBXGroup;
			children = (
				5286D7DD2D779715006EAE47 /* BudgetBuddy.app */,
				5286D7ED2D779718006EAE47 /* BudgetBuddyTests.xctest */,
			);
			name = Products;
			sourceTree = "<group>";
		};
/* End PBXGroup section */

/* Begin PBXNativeTarget section */
		5286D7DC2D779715006EAE47 /* BudgetBuddy */ = {
			isa = PBXNativeTarget;
			buildConfigurationList = 5286D8012D779719006EAE47 /* Build configuration list for PBXNativeTarget "BudgetBuddy" */;
			buildPhases = (
				5286D7D92D779715006EAE47 /* Sources */,
				5286D7DA2D779715006EAE47 /* Frameworks */,
				5286D7DB2D779715006EAE47 /* Resources */,
			);
			buildRules = (
			);
			dependencies = (
			);
			fileSystemSynchronizedGroups = (
				5286D7DF2D779715006EAE47 /* BudgetBuddy */,
			);
			name = BudgetBuddy;
			packageProductDependencies = (
				52EF3B572D78394D00CB290B /* FirebaseAnalytics */,
				52EF3B592D78394D00CB290B /* FirebaseAuth */,
				52EF3B5B2D78394D00CB290B /* FirebaseDatabase */,
				52EF3B5D2D78394D00CB290B /* FirebaseFirestore */,
				52EA35252D8059B000348897 /* KeychainAccess */,
			);
			productName = BudgetBuddy;
			productReference = 5286D7DD2D779715006EAE47 /* BudgetBuddy.app */;
			productType = "com.apple.product-type.application";
		};
		5286D7EC2D779718006EAE47 /* BudgetBuddyTests */ = {
			isa = PBXNativeTarget;
			buildConfigurationList = 5286D8042D779719006EAE47 /* Build configuration list for PBXNativeTarget "BudgetBuddyTests" */;
			buildPhases = (
				5286D7E92D779718006EAE47 /* Sources */,
				5286D7EA2D779718006EAE47 /* Frameworks */,
				5286D7EB2D779718006EAE47 /* Resources */,
			);
			buildRules = (
			);
			dependencies = (
				5286D7EF2D779718006EAE47 /* PBXTargetDependency */,
			);
			fileSystemSynchronizedGroups = (
				5286D7F02D779719006EAE47 /* BudgetBuddyTests */,
			);
			name = BudgetBuddyTests;
			packageProductDependencies = (
			);
			productName = BudgetBuddyTests;
			productReference = 5286D7ED2D779718006EAE47 /* BudgetBuddyTests.xctest */;
			productType = "com.apple.product-type.bundle.unit-test";
		};
/* End PBXNativeTarget section */

/* Begin PBXProject section */
		5286D7D52D779715006EAE47 /* Project object */ = {
			isa = PBXProject;
			attributes = {
				BuildIndependentTargetsInParallel = 1;
				LastSwiftUpdateCheck = 1610;
				LastUpgradeCheck = 1610;
				TargetAttributes = {
					5286D7DC2D779715006EAE47 = {
						CreatedOnToolsVersion = 16.1;
					};
					5286D7EC2D779718006EAE47 = {
						CreatedOnToolsVersion = 16.1;
						TestTargetID = 5286D7DC2D779715006EAE47;
					};
				};
			};
			buildConfigurationList = 5286D7D82D779715006EAE47 /* Build configuration list for PBXProject "BudgetBuddy" */;
			developmentRegion = en;
			hasScannedForEncodings = 0;
			knownRegions = (
				en,
				Base,
			);
			mainGroup = 5286D7D42D779715006EAE47;
			minimizedProjectReferenceProxies = 1;
			packageReferences = (
				52EF3B562D78394D00CB290B /* XCRemoteSwiftPackageReference "firebase-ios-sdk" */,
				52EA35242D8059B000348897 /* XCRemoteSwiftPackageReference "KeychainAccess" */,
			);
			preferredProjectObjectVersion = 77;
			productRefGroup = 5286D7DE2D779715006EAE47 /* Products */;
			projectDirPath = "";
			projectRoot = "";
			targets = (
				5286D7DC2D779715006EAE47 /* BudgetBuddy */,
				5286D7EC2D779718006EAE47 /* BudgetBuddyTests */,
			);
		};
/* End PBXProject section */

/* Begin PBXResourcesBuildPhase section */
		5286D7DB2D779715006EAE47 /* Resources */ = {
			isa = PBXResourcesBuildPhase;
			buildActionMask = 2147483647;
			files = (
			);
			runOnlyForDeploymentPostprocessing = 0;
		};
		5286D7EB2D779718006EAE47 /* Resources */ = {
			isa = PBXResourcesBuildPhase;
			buildActionMask = 2147483647;
			files = (
			);
			runOnlyForDeploymentPostprocessing = 0;
		};
/* End PBXResourcesBuildPhase section */

/* Begin PBXSourcesBuildPhase section */
		5286D7D92D779715006EAE47 /* Sources */ = {
			isa = PBXSourcesBuildPhase;
			buildActionMask = 2147483647;
			files = (
			);
			runOnlyForDeploymentPostprocessing = 0;
		};
		5286D7E92D779718006EAE47 /* Sources */ = {
			isa = PBXSourcesBuildPhase;
			buildActionMask = 2147483647;
			files = (
			);
			runOnlyForDeploymentPostprocessing = 0;
		};
/* End PBXSourcesBuildPhase section */

/* Begin PBXTargetDependency section */
		5286D7EF2D779718006EAE47 /* PBXTargetDependency */ = {
			isa = PBXTargetDependency;
			target = 5286D7DC2D779715006EAE47 /* BudgetBuddy */;
			targetProxy = 5286D7EE2D779718006EAE47 /* PBXContainerItemProxy */;
		};
/* End PBXTargetDependency section */

/* Begin XCBuildConfiguration section */
		5286D7FF2D779719006EAE47 /* Debug */ = {
			isa = XCBuildConfiguration;
			buildSettings = {
				ALWAYS_SEARCH_USER_PATHS = NO;
				ASSETCATALOG_COMPILER_GENERATE_SWIFT_ASSET_SYMBOL_EXTENSIONS = YES;
				CLANG_ANALYZER_NONNULL = YES;
				CLANG_ANALYZER_NUMBER_OBJECT_CONVERSION = YES_AGGRESSIVE;
				CLANG_CXX_LANGUAGE_STANDARD = "gnu++20";
				CLANG_ENABLE_MODULES = YES;
				CLANG_ENABLE_OBJC_ARC = YES;
				CLANG_ENABLE_OBJC_WEAK = YES;
				CLANG_WARN_BLOCK_CAPTURE_AUTORELEASING = YES;
				CLANG_WARN_BOOL_CONVERSION = YES;
				CLANG_WARN_COMMA = YES;
				CLANG_WARN_CONSTANT_CONVERSION = YES;
				CLANG_WARN_DEPRECATED_OBJC_IMPLEMENTATIONS = YES;
				CLANG_WARN_DIRECT_OBJC_ISA_USAGE = YES_ERROR;
				CLANG_WARN_DOCUMENTATION_COMMENTS = YES;
				CLANG_WARN_EMPTY_BODY = YES;
				CLANG_WARN_ENUM_CONVERSION = YES;
				CLANG_WARN_INFINITE_RECURSION = YES;
				CLANG_WARN_INT_CONVERSION = YES;
				CLANG_WARN_NON_LITERAL_NULL_CONVERSION = YES;
				CLANG_WARN_OBJC_IMPLICIT_RETAIN_SELF = YES;
				CLANG_WARN_OBJC_LITERAL_CONVERSION = YES;
				CLANG_WARN_OBJC_ROOT_CLASS = YES_ERROR;
				CLANG_WARN_QUOTED_INCLUDE_IN_FRAMEWORK_HEADER = YES;
				CLANG_WARN_RANGE_LOOP_ANALYSIS = YES;
				CLANG_WARN_STRICT_PROTOTYPES = YES;
				CLANG_WARN_SUSPICIOUS_MOVE = YES;
				CLANG_WARN_UNGUARDED_AVAILABILITY = YES_AGGRESSIVE;
				CLANG_WARN_UNREACHABLE_CODE = YES;
				CLANG_WARN__DUPLICATE_METHOD_MATCH = YES;
				COPY_PHASE_STRIP = NO;
				DEBUG_INFORMATION_FORMAT = dwarf;
				ENABLE_STRICT_OBJC_MSGSEND = YES;
				ENABLE_TESTABILITY = YES;
				ENABLE_USER_SCRIPT_SANDBOXING = YES;
				GCC_C_LANGUAGE_STANDARD = gnu17;
				GCC_DYNAMIC_NO_PIC = NO;
				GCC_NO_COMMON_BLOCKS = YES;
				GCC_OPTIMIZATION_LEVEL = 0;
				GCC_PREPROCESSOR_DEFINITIONS = (
					"DEBUG=1",
					"$(inherited)",
				);
				GCC_WARN_64_TO_32_BIT_CONVERSION = YES;
				GCC_WARN_ABOUT_RETURN_TYPE = YES_ERROR;
				GCC_WARN_UNDECLARED_SELECTOR = YES;
				GCC_WARN_UNINITIALIZED_AUTOS = YES_AGGRESSIVE;
				GCC_WARN_UNUSED_FUNCTION = YES;
				GCC_WARN_UNUSED_VARIABLE = YES;
				IPHONEOS_DEPLOYMENT_TARGET = 18.1;
				LOCALIZATION_PREFERS_STRING_CATALOGS = YES;
				MTL_ENABLE_DEBUG_INFO = INCLUDE_SOURCE;
				MTL_FAST_MATH = YES;
				ONLY_ACTIVE_ARCH = YES;
				SDKROOT = iphoneos;
				SWIFT_ACTIVE_COMPILATION_CONDITIONS = "DEBUG $(inherited)";
				SWIFT_OPTIMIZATION_LEVEL = "-Onone";
			};
			name = Debug;
		};
		5286D8002D779719006EAE47 /* Release */ = {
			isa = XCBuildConfiguration;
			buildSettings = {
				ALWAYS_SEARCH_USER_PATHS = NO;
				ASSETCATALOG_COMPILER_GENERATE_SWIFT_ASSET_SYMBOL_EXTENSIONS = YES;
				CLANG_ANALYZER_NONNULL = YES;
				CLANG_ANALYZER_NUMBER_OBJECT_CONVERSION = YES_AGGRESSIVE;
				CLANG_CXX_LANGUAGE_STANDARD = "gnu++20";
				CLANG_ENABLE_MODULES = YES;
				CLANG_ENABLE_OBJC_ARC = YES;
				CLANG_ENABLE_OBJC_WEAK = YES;
				CLANG_WARN_BLOCK_CAPTURE_AUTORELEASING = YES;
				CLANG_WARN_BOOL_CONVERSION = YES;
				CLANG_WARN_COMMA = YES;
				CLANG_WARN_CONSTANT_CONVERSION = YES;
				CLANG_WARN_DEPRECATED_OBJC_IMPLEMENTATIONS = YES;
				CLANG_WARN_DIRECT_OBJC_ISA_USAGE = YES_ERROR;
				CLANG_WARN_DOCUMENTATION_COMMENTS = YES;
				CLANG_WARN_EMPTY_BODY = YES;
				CLANG_WARN_ENUM_CONVERSION = YES;
				CLANG_WARN_INFINITE_RECURSION = YES;
				CLANG_WARN_INT_CONVERSION = YES;
				CLANG_WARN_NON_LITERAL_NULL_CONVERSION = YES;
				CLANG_WARN_OBJC_IMPLICIT_RETAIN_SELF = YES;
				CLANG_WARN_OBJC_LITERAL_CONVERSION = YES;
				CLANG_WARN_OBJC_ROOT_CLASS = YES_ERROR;
				CLANG_WARN_QUOTED_INCLUDE_IN_FRAMEWORK_HEADER = YES;
				CLANG_WARN_RANGE_LOOP_ANALYSIS = YES;
				CLANG_WARN_STRICT_PROTOTYPES = YES;
				CLANG_WARN_SUSPICIOUS_MOVE = YES;
				CLANG_WARN_UNGUARDED_AVAILABILITY = YES_AGGRESSIVE;
				CLANG_WARN_UNREACHABLE_CODE = YES;
				CLANG_WARN__DUPLICATE_METHOD_MATCH = YES;
				COPY_PHASE_STRIP = NO;
				DEBUG_INFORMATION_FORMAT = "dwarf-with-dsym";
				ENABLE_NS_ASSERTIONS = NO;
				ENABLE_STRICT_OBJC_MSGSEND = YES;
				ENABLE_USER_SCRIPT_SANDBOXING = YES;
				GCC_C_LANGUAGE_STANDARD = gnu17;
				GCC_NO_COMMON_BLOCKS = YES;
				GCC_WARN_64_TO_32_BIT_CONVERSION = YES;
				GCC_WARN_ABOUT_RETURN_TYPE = YES_ERROR;
				GCC_WARN_UNDECLARED_SELECTOR = YES;
				GCC_WARN_UNINITIALIZED_AUTOS = YES_AGGRESSIVE;
				GCC_WARN_UNUSED_FUNCTION = YES;
				GCC_WARN_UNUSED_VARIABLE = YES;
				IPHONEOS_DEPLOYMENT_TARGET = 18.1;
				LOCALIZATION_PREFERS_STRING_CATALOGS = YES;
				MTL_ENABLE_DEBUG_INFO = NO;
				MTL_FAST_MATH = YES;
				SDKROOT = iphoneos;
				SWIFT_COMPILATION_MODE = wholemodule;
				VALIDATE_PRODUCT = YES;
			};
			name = Release;
		};
		5286D8022D779719006EAE47 /* Debug */ = {
			isa = XCBuildConfiguration;
			buildSettings = {
				ASSETCATALOG_COMPILER_APPICON_NAME = AppIcon;
				ASSETCATALOG_COMPILER_GLOBAL_ACCENT_COLOR_NAME = AccentColor;
				CODE_SIGN_STYLE = Automatic;
				CURRENT_PROJECT_VERSION = 1;
				DEVELOPMENT_ASSET_PATHS = "\"BudgetBuddy/Preview Content\"";
				DEVELOPMENT_TEAM = FMH4876MKB;
				ENABLE_PREVIEWS = YES;
				GENERATE_INFOPLIST_FILE = YES;
				INFOPLIST_KEY_UIApplicationSceneManifest_Generation = YES;
				INFOPLIST_KEY_UIApplicationSupportsIndirectInputEvents = YES;
				INFOPLIST_KEY_UILaunchScreen_Generation = YES;
				INFOPLIST_KEY_UISupportedInterfaceOrientations_iPad = "UIInterfaceOrientationPortrait UIInterfaceOrientationPortraitUpsideDown UIInterfaceOrientationLandscapeLeft UIInterfaceOrientationLandscapeRight";
				INFOPLIST_KEY_UISupportedInterfaceOrientations_iPhone = "UIInterfaceOrientationPortrait UIInterfaceOrientationLandscapeLeft UIInterfaceOrientationLandscapeRight";
				LD_RUNPATH_SEARCH_PATHS = (
					"$(inherited)",
					"@executable_path/Frameworks",
				);
				MARKETING_VERSION = 1.0;
				PRODUCT_BUNDLE_IDENTIFIER = com.hajducak.BudgetBuddy;
				PRODUCT_NAME = "$(TARGET_NAME)";
				SWIFT_EMIT_LOC_STRINGS = YES;
				SWIFT_VERSION = 5.0;
				TARGETED_DEVICE_FAMILY = "1,2";
			};
			name = Debug;
		};
		5286D8032D779719006EAE47 /* Release */ = {
			isa = XCBuildConfiguration;
			buildSettings = {
				ASSETCATALOG_COMPILER_APPICON_NAME = AppIcon;
				ASSETCATALOG_COMPILER_GLOBAL_ACCENT_COLOR_NAME = AccentColor;
				CODE_SIGN_STYLE = Automatic;
				CURRENT_PROJECT_VERSION = 1;
				DEVELOPMENT_ASSET_PATHS = "\"BudgetBuddy/Preview Content\"";
				DEVELOPMENT_TEAM = FMH4876MKB;
				ENABLE_PREVIEWS = YES;
				GENERATE_INFOPLIST_FILE = YES;
				INFOPLIST_KEY_UIApplicationSceneManifest_Generation = YES;
				INFOPLIST_KEY_UIApplicationSupportsIndirectInputEvents = YES;
				INFOPLIST_KEY_UILaunchScreen_Generation = YES;
				INFOPLIST_KEY_UISupportedInterfaceOrientations_iPad = "UIInterfaceOrientationPortrait UIInterfaceOrientationPortraitUpsideDown UIInterfaceOrientationLandscapeLeft UIInterfaceOrientationLandscapeRight";
				INFOPLIST_KEY_UISupportedInterfaceOrientations_iPhone = "UIInterfaceOrientationPortrait UIInterfaceOrientationLandscapeLeft UIInterfaceOrientationLandscapeRight";
				LD_RUNPATH_SEARCH_PATHS = (
					"$(inherited)",
					"@executable_path/Frameworks",
				);
				MARKETING_VERSION = 1.0;
				PRODUCT_BUNDLE_IDENTIFIER = com.hajducak.BudgetBuddy;
				PRODUCT_NAME = "$(TARGET_NAME)";
				SWIFT_EMIT_LOC_STRINGS = YES;
				SWIFT_VERSION = 5.0;
				TARGETED_DEVICE_FAMILY = "1,2";
			};
			name = Release;
		};
		5286D8052D779719006EAE47 /* Debug */ = {
			isa = XCBuildConfiguration;
			buildSettings = {
				BUNDLE_LOADER = "$(TEST_HOST)";
				CODE_SIGN_STYLE = Automatic;
				CURRENT_PROJECT_VERSION = 1;
				DEVELOPMENT_TEAM = FMH4876MKB;
				GENERATE_INFOPLIST_FILE = YES;
				IPHONEOS_DEPLOYMENT_TARGET = 18.1;
				MARKETING_VERSION = 1.0;
				PRODUCT_BUNDLE_IDENTIFIER = com.hajducak.BudgetBuddyTests;
				PRODUCT_NAME = "$(TARGET_NAME)";
				SWIFT_EMIT_LOC_STRINGS = NO;
				SWIFT_VERSION = 5.0;
				TARGETED_DEVICE_FAMILY = "1,2";
				TEST_HOST = "$(BUILT_PRODUCTS_DIR)/BudgetBuddy.app/$(BUNDLE_EXECUTABLE_FOLDER_PATH)/BudgetBuddy";
			};
			name = Debug;
		};
		5286D8062D779719006EAE47 /* Release */ = {
			isa = XCBuildConfiguration;
			buildSettings = {
				BUNDLE_LOADER = "$(TEST_HOST)";
				CODE_SIGN_STYLE = Automatic;
				CURRENT_PROJECT_VERSION = 1;
				DEVELOPMENT_TEAM = FMH4876MKB;
				GENERATE_INFOPLIST_FILE = YES;
				IPHONEOS_DEPLOYMENT_TARGET = 18.1;
				MARKETING_VERSION = 1.0;
				PRODUCT_BUNDLE_IDENTIFIER = com.hajducak.BudgetBuddyTests;
				PRODUCT_NAME = "$(TARGET_NAME)";
				SWIFT_EMIT_LOC_STRINGS = NO;
				SWIFT_VERSION = 5.0;
				TARGETED_DEVICE_FAMILY = "1,2";
				TEST_HOST = "$(BUILT_PRODUCTS_DIR)/BudgetBuddy.app/$(BUNDLE_EXECUTABLE_FOLDER_PATH)/BudgetBuddy";
			};
			name = Release;
		};
/* End XCBuildConfiguration section */

/* Begin XCConfigurationList section */
		5286D7D82D779715006EAE47 /* Build configuration list for PBXProject "BudgetBuddy" */ = {
			isa = XCConfigurationList;
			buildConfigurations = (
				5286D7FF2D779719006EAE47 /* Debug */,
				5286D8002D779719006EAE47 /* Release */,
			);
			defaultConfigurationIsVisible = 0;
			defaultConfigurationName = Release;
		};
		5286D8012D779719006EAE47 /* Build configuration list for PBXNativeTarget "BudgetBuddy" */ = {
			isa = XCConfigurationList;
			buildConfigurations = (
				5286D8022D779719006EAE47 /* Debug */,
				5286D8032D779719006EAE47 /* Release */,
			);
			defaultConfigurationIsVisible = 0;
			defaultConfigurationName = Release;
		};
		5286D8042D779719006EAE47 /* Build configuration list for PBXNativeTarget "BudgetBuddyTests" */ = {
			isa = XCConfigurationList;
			buildConfigurations = (
				5286D8052D779719006EAE47 /* Debug */,
				5286D8062D779719006EAE47 /* Release */,
			);
			defaultConfigurationIsVisible = 0;
			defaultConfigurationName = Release;
		};
/* End XCConfigurationList section */

/* Begin XCRemoteSwiftPackageReference section */
		52EA35242D8059B000348897 /* XCRemoteSwiftPackageReference "KeychainAccess" */ = {
			isa = XCRemoteSwiftPackageReference;
			repositoryURL = "https://github.com/kishikawakatsumi/KeychainAccess";
			requirement = {
				branch = master;
				kind = branch;
			};
		};
		52EF3B562D78394D00CB290B /* XCRemoteSwiftPackageReference "firebase-ios-sdk" */ = {
			isa = XCRemoteSwiftPackageReference;
			repositoryURL = "https://github.com/firebase/firebase-ios-sdk";
			requirement = {
				kind = upToNextMajorVersion;
				minimumVersion = 11.9.0;
			};
		};
/* End XCRemoteSwiftPackageReference section */

/* Begin XCSwiftPackageProductDependency section */
		52EA35252D8059B000348897 /* KeychainAccess */ = {
			isa = XCSwiftPackageProductDependency;
			package = 52EA35242D8059B000348897 /* XCRemoteSwiftPackageReference "KeychainAccess" */;
			productName = KeychainAccess;
		};
		52EF3B572D78394D00CB290B /* FirebaseAnalytics */ = {
			isa = XCSwiftPackageProductDependency;
			package = 52EF3B562D78394D00CB290B /* XCRemoteSwiftPackageReference "firebase-ios-sdk" */;
			productName = FirebaseAnalytics;
		};
		52EF3B592D78394D00CB290B /* FirebaseAuth */ = {
			isa = XCSwiftPackageProductDependency;
			package = 52EF3B562D78394D00CB290B /* XCRemoteSwiftPackageReference "firebase-ios-sdk" */;
			productName = FirebaseAuth;
		};
		52EF3B5B2D78394D00CB290B /* FirebaseDatabase */ = {
			isa = XCSwiftPackageProductDependency;
			package = 52EF3B562D78394D00CB290B /* XCRemoteSwiftPackageReference "firebase-ios-sdk" */;
			productName = FirebaseDatabase;
		};
		52EF3B5D2D78394D00CB290B /* FirebaseFirestore */ = {
			isa = XCSwiftPackageProductDependency;
			package = 52EF3B562D78394D00CB290B /* XCRemoteSwiftPackageReference "firebase-ios-sdk" */;
			productName = FirebaseFirestore;
		};
/* End XCSwiftPackageProductDependency section */
	};
	rootObject = 5286D7D52D779715006EAE47 /* Project object */;
}
